
Microsoft Visual Studio Solution File, Format Version 12.00
# Visual Studio Version 17
VisualStudioVersion = 17.5.002.0
MinimumVisualStudioVersion = 10.0.40219.1
Project("{9A19103F-16F7-4668-BE54-9A1E7A4F7556}") = "dotnet-mvc-todos", "dotnet-mvc-todos.csproj", "{B6AC574D-C456-424D-9C4B-8D898F695488}"
EndProject
Global
	GlobalSection(SolutionConfigurationPlatforms) = preSolution
		Debug|Any CPU = Debug|Any CPU
		Release|Any CPU = Release|Any CPU
	EndGlobalSection
	GlobalSection(ProjectConfigurationPlatforms) = postSolution
		{B6AC574D-C456-424D-9C4B-8D898F695488}.Debug|Any CPU.ActiveCfg = Debug|Any CPU
		{B6AC574D-C456-424D-9C4B-8D898F695488}.Debug|Any CPU.Build.0 = Debug|Any CPU
		{B6AC574D-C456-424D-9C4B-8D898F695488}.Release|Any CPU.ActiveCfg = Release|Any CPU
		{B6AC574D-C456-424D-9C4B-8D898F695488}.Release|Any CPU.Build.0 = Release|Any CPU
	EndGlobalSection
	GlobalSection(SolutionProperties) = preSolution
		HideSolutionNode = FALSE
	EndGlobalSection
	GlobalSection(ExtensibilityGlobals) = postSolution
		SolutionGuid = {7E9BEB78-3C5F-421D-BE46-84917D901020}
	EndGlobalSection
EndGlobal
